{
  "name": "y",
  "version": "1.0.0",
  "lockfileVersion": 1,
  "requires": true,
  "dependencies": {
    "@otplib/preset-browser": {
      "version": "12.0.1",
      "resolved": "https://registry.npmjs.org/@otplib/preset-browser/-/preset-browser-12.0.1.tgz",
      "integrity": "sha512-64Eb6JLRRcER2NuIIVQIVNb3yn4mJLUwN1i3icmmNpTS+r4izwdM3eQs9wbeRjjX46kgfMZqPFYsC9JuGM0TKw=="
    }
  }
}
